
Microsoft Visual Studio Solution File, Format Version 12.00
# Visual Studio Version 16
VisualStudioVersion = 16.0.30517.126
MinimumVisualStudioVersion = 10.0.40219.1
Project("{FAE04EC0-301F-11D3-BF4B-00C04F79EFBC}") = "NewYear", "NewYear\NewYear.csproj", "{FBE11776-F142-40E4-BADF-D947F21F5471}"
EndProject
Global
	GlobalSection(SolutionConfigurationPlatforms) = preSolution
		Debug|Any CPU = Debug|Any CPU
		Release|Any CPU = Release|Any CPU
	EndGlobalSection
	GlobalSection(ProjectConfigurationPlatforms) = postSolution
		{FBE11776-F142-40E4-BADF-D947F21F5471}.Debug|Any CPU.ActiveCfg = Debug|Any CPU
		{FBE11776-F142-40E4-BADF-D947F21F5471}.Debug|Any CPU.Build.0 = Debug|Any CPU
		{FBE11776-F142-40E4-BADF-D947F21F5471}.Release|Any CPU.ActiveCfg = Release|Any CPU
		{FBE11776-F142-40E4-BADF-D947F21F5471}.Release|Any CPU.Build.0 = Release|Any CPU
	EndGlobalSection
	GlobalSection(SolutionProperties) = preSolution
		HideSolutionNode = FALSE
	EndGlobalSection
	GlobalSection(ExtensibilityGlobals) = postSolution
		SolutionGuid = {2BD53025-C611-4F97-9C3D-527839381579}
	EndGlobalSection
EndGlobal
